
Microsoft Visual Studio Solution File, Format Version 12.00
# Visual Studio Version 17
VisualStudioVersion = 17.0.31919.166
MinimumVisualStudioVersion = 10.0.40219.1
Project("{FAE04EC0-301F-11D3-BF4B-00C04F79EFBC}") = "ReactJsGSirianni", "ReactJsGSirianni\ReactJsGSirianni.csproj", "{900236DD-26B5-40B4-860F-B11E01BA7FDC}"
EndProject
Global
	GlobalSection(SolutionConfigurationPlatforms) = preSolution
		Debug|Any CPU = Debug|Any CPU
		Release|Any CPU = Release|Any CPU
	EndGlobalSection
	GlobalSection(ProjectConfigurationPlatforms) = postSolution
		{900236DD-26B5-40B4-860F-B11E01BA7FDC}.Debug|Any CPU.ActiveCfg = Debug|Any CPU
		{900236DD-26B5-40B4-860F-B11E01BA7FDC}.Debug|Any CPU.Build.0 = Debug|Any CPU
		{900236DD-26B5-40B4-860F-B11E01BA7FDC}.Release|Any CPU.ActiveCfg = Release|Any CPU
		{900236DD-26B5-40B4-860F-B11E01BA7FDC}.Release|Any CPU.Build.0 = Release|Any CPU
	EndGlobalSection
	GlobalSection(SolutionProperties) = preSolution
		HideSolutionNode = FALSE
	EndGlobalSection
	GlobalSection(ExtensibilityGlobals) = postSolution
		SolutionGuid = {F5C311A6-1F85-436F-9D00-9ACC15E3DF6C}
	EndGlobalSection
EndGlobal
